
Microsoft Visual Studio Solution File, Format Version 12.00
# Visual Studio Version 17
VisualStudioVersion = 17.7.34009.444
MinimumVisualStudioVersion = 10.0.40219.1
Project("{9A19103F-16F7-4668-BE54-9A1E7A4F7556}") = "FirstW", "FirstW\FirstW.csproj", "{F96BD6DA-6C50-40A3-BF81-FF364F44D6BA}"
EndProject
Project("{2150E333-8FDC-42A3-9474-1A3956D46DE8}") = "Solution Items", "Solution Items", "{3E2C5D37-1DDD-43B3-8488-B69B8457357F}"
	ProjectSection(SolutionItems) = preProject
		.editorconfig = .editorconfig
	EndProjectSection
EndProject
Global
	GlobalSection(SolutionConfigurationPlatforms) = preSolution
		Debug|Any CPU = Debug|Any CPU
		Release|Any CPU = Release|Any CPU
	EndGlobalSection
	GlobalSection(ProjectConfigurationPlatforms) = postSolution
		{F96BD6DA-6C50-40A3-BF81-FF364F44D6BA}.Debug|Any CPU.ActiveCfg = Debug|Any CPU
		{F96BD6DA-6C50-40A3-BF81-FF364F44D6BA}.Debug|Any CPU.Build.0 = Debug|Any CPU
		{F96BD6DA-6C50-40A3-BF81-FF364F44D6BA}.Release|Any CPU.ActiveCfg = Release|Any CPU
		{F96BD6DA-6C50-40A3-BF81-FF364F44D6BA}.Release|Any CPU.Build.0 = Release|Any CPU
	EndGlobalSection
	GlobalSection(SolutionProperties) = preSolution
		HideSolutionNode = FALSE
	EndGlobalSection
	GlobalSection(ExtensibilityGlobals) = postSolution
		SolutionGuid = {1FB9F87C-0B19-4617-B126-7D08F7584F65}
	EndGlobalSection
EndGlobal
